<?xml version="1.0" encoding="utf-8"?>
<Project ToolsVersion="4.0" xmlns="http://schemas.microsoft.com/developer/msbuild/2003">
  <ItemGroup>
    <Filter Include="Source Files">
      <UniqueIdentifier>{4FC737F1-C7A5-4376-A066-2A32D752A2FF}</UniqueIdentifier>
      <Extensions>cpp;c;cc;cxx;c++;cppm;ixx;def;odl;idl;hpj;bat;asm;asmx</Extensions>
    </Filter>
    <Filter Include="Header Files">
      <UniqueIdentifier>{93995380-89BD-4b04-88EB-625FBE52EBFB}</UniqueIdentifier>
      <Extensions>h;hh;hpp;hxx;h++;hm;inl;inc;ipp;xsd</Extensions>
    </Filter>
    <Filter Include="Resource Files">
      <UniqueIdentifier>{67DA6AB6-F800-4c08-8B7A-83BB121AAD01}</UniqueIdentifier>
      <Extensions>rc;ico;cur;bmp;dlg;rc2;rct;bin;rgs;gif;jpg;jpeg;jpe;resx;tiff;tif;png;wav;mfcribbon-ms</Extensions>
    </Filter>
  </ItemGroup>
  <ItemGroup>
    <ClCompile Include="MyForm.cpp">
      <Filter>Source Files</Filter>
    </ClCompile>
    <ClCompile Include="Q.cpp">
      <Filter>Source Files</Filter>
    </ClCompile>
    <ClCompile Include="CreateMultiplechoiceAndChecBoxQuestion.cpp">
      <Filter>Source Files</Filter>
    </ClCompile>
    <ClCompile Include="MultipleChoiceQuestion.cpp">
      <Filter>Source Files</Filter>
    </ClCompile>
    <ClCompile Include="TrueOrFalseQuestion.cpp">
      <Filter>Source Files</Filter>
    </ClCompile>
    <ClCompile Include="CheckBoxQuestion.cpp">
      <Filter>Source Files</Filter>
    </ClCompile>
    <ClCompile Include="TypeInQuestion.cpp">
      <Filter>Source Files</Filter>
    </ClCompile>
    <ClCompile Include="LogInPage.cpp">
      <Filter>Source Files</Filter>
    </ClCompile>
    <ClCompile Include="UserAccount.cpp">
      <Filter>Source Files</Filter>
    </ClCompile>
    <ClCompile Include="CreateQuestionUI.cpp">
      <Filter>Source Files</Filter>
    </ClCompile>
  </ItemGroup>
  <ItemGroup>
    <ClInclude Include="MyForm.h">
      <Filter>Header Files</Filter>
    </ClInclude>
    <ClInclude Include="Q.h">
      <Filter>Header Files</Filter>
    </ClInclude>
    <ClInclude Include="CreateMultiplechoiceAndChecBoxQuestion.h">
      <Filter>Header Files</Filter>
    </ClInclude>
    <ClInclude Include="MultipleChoiceQuestion.h">
      <Filter>Header Files</Filter>
    </ClInclude>
    <ClInclude Include="TrueOrFalseQuestion.h">
      <Filter>Header Files</Filter>
    </ClInclude>
    <ClInclude Include="CheckBoxQuestion.h">
      <Filter>Header Files</Filter>
    </ClInclude>
    <ClInclude Include="TypeInQuestion.h">
      <Filter>Header Files</Filter>
    </ClInclude>
    <ClInclude Include="LogInPage.h">
      <Filter>Header Files</Filter>
    </ClInclude>
    <ClInclude Include="UserAccount.h">
      <Filter>Header Files</Filter>
    </ClInclude>
    <ClInclude Include="CreateQuestionUI.h">
      <Filter>Header Files</Filter>
    </ClInclude>
  </ItemGroup>
  <ItemGroup>
    <Text Include="UserAccounts.txt">
      <Filter>Resource Files</Filter>
    </Text>
    <Text Include="Test.txt">
      <Filter>Resource Files</Filter>
    </Text>
    <Text Include="CompQuestionBank.txt">
      <Filter>Resource Files</Filter>
    </Text>
    <Text Include="StatQuestionBank.txt">
      <Filter>Resource Files</Filter>
    </Text>
    <Text Include="ISTNQuestionBank.txt">
      <Filter>Resource Files</Filter>
    </Text>
    <Text Include="MathQuestionBank.txt">
      <Filter>Resource Files</Filter>
    </Text>
    <Text Include="Text.txt">
      <Filter>Resource Files</Filter>
    </Text>
  </ItemGroup>
</Project>